
Microsoft Visual Studio Solution File, Format Version 12.00
# Visual Studio Version 17
VisualStudioVersion = 17.5.33516.290
MinimumVisualStudioVersion = 10.0.40219.1
Project("{9A19103F-16F7-4668-BE54-9A1E7A4F7556}") = "Models", "Models\Models.csproj", "{4F6D5094-1005-4C9D-B1FE-CEBE96438078}"
EndProject
Project("{9A19103F-16F7-4668-BE54-9A1E7A4F7556}") = "Dao", "Dao\Dao.csproj", "{947503A1-717B-4B15-9759-C9EFF375682E}"
EndProject
Project("{9A19103F-16F7-4668-BE54-9A1E7A4F7556}") = "AppViewModels", "AppViewModels\AppViewModels.csproj", "{B2855825-C62F-4C9A-BBB0-799313A8E627}"
EndProject
Project("{9A19103F-16F7-4668-BE54-9A1E7A4F7556}") = "AppModels", "AppModels\AppModels.csproj", "{4984A30A-40C6-4278-B4C7-6B52C7F2E5F4}"
EndProject
Project("{9A19103F-16F7-4668-BE54-9A1E7A4F7556}") = "ViewModels", "ViewModels\ViewModels.csproj", "{0BC012F4-E0FC-482A-8AAC-752E0DCBAFD5}"
EndProject
Project("{9A19103F-16F7-4668-BE54-9A1E7A4F7556}") = "ToolsEx", "ToolsEx\ToolsEx.csproj", "{C0570B36-1FB2-43AD-8CB7-5A9AC32D67CA}"
EndProject
Project("{9A19103F-16F7-4668-BE54-9A1E7A4F7556}") = "WebAPI", "WebAPI\WebAPI.csproj", "{BC5B3FE5-7747-4007-ACBA-776C8CA426A9}"
EndProject
Project("{9A19103F-16F7-4668-BE54-9A1E7A4F7556}") = "PMS", "PMS\PMS.csproj", "{9733E162-396A-4B1B-BB29-AC256A7C08BD}"
EndProject
Project("{9A19103F-16F7-4668-BE54-9A1E7A4F7556}") = "Vars", "Vars\Vars.csproj", "{0F689AED-E542-4003-803D-C07A19F7A554}"
EndProject
Project("{9A19103F-16F7-4668-BE54-9A1E7A4F7556}") = "Attrs", "Attrs\Attrs.csproj", "{EB224DAA-A19A-473B-A534-47B196D0CF53}"
EndProject
Project("{9A19103F-16F7-4668-BE54-9A1E7A4F7556}") = "EAD", "EAD\EAD.csproj", "{EB2C66DA-3264-4278-A920-AC224FF6C09C}"
EndProject
Project("{9A19103F-16F7-4668-BE54-9A1E7A4F7556}") = "PMSHub", "PMSHub\PMSHub.csproj", "{8A3AC972-C2CB-4CEC-BC36-C93C5D0462B3}"
EndProject
Project("{9A19103F-16F7-4668-BE54-9A1E7A4F7556}") = "SLMP", "SLMP\SLMP.csproj", "{89820C09-A2ED-41B5-BECD-379B31AF3DE3}"
EndProject
Project("{9A19103F-16F7-4668-BE54-9A1E7A4F7556}") = "Interface", "Interface\Interface.csproj", "{FE0D588B-7E33-42DD-A297-17B281D3E2D0}"
EndProject
Project("{9A19103F-16F7-4668-BE54-9A1E7A4F7556}") = "PLCSlmpEx", "PLCSlmpEx\PLCSlmpEx.csproj", "{D46C02DA-DB0E-4C5B-9D17-A11361BC829A}"
EndProject
Project("{9A19103F-16F7-4668-BE54-9A1E7A4F7556}") = "BravoModelV1", "BravoModelV1\BravoModelV1.csproj", "{8B0B8FD0-992E-4661-A846-80253FCCE56B}"
EndProject
Project("{9A19103F-16F7-4668-BE54-9A1E7A4F7556}") = "Services", "Services\Services.csproj", "{8185D02F-FA3B-43EC-BBCF-502454AA9A7F}"
EndProject
Project("{9A19103F-16F7-4668-BE54-9A1E7A4F7556}") = "Handlers", "Handlers\Handlers.csproj", "{A2890BB4-E233-4240-80CB-A99C43BAF16B}"
EndProject
Project("{9A19103F-16F7-4668-BE54-9A1E7A4F7556}") = "PMSJsonConfigWebApp", "PMSJsonConfigWebApp\PMSJsonConfigWebApp.csproj", "{6D41969D-3C35-4DFA-AC36-23FAB7414D97}"
EndProject
Project("{9A19103F-16F7-4668-BE54-9A1E7A4F7556}") = "JsonTreeView2", "JsonTreeView2\JsonTreeView2.csproj", "{C61E5C88-999C-4A4B-AE32-7ADBD6B43848}"
EndProject
Project("{9A19103F-16F7-4668-BE54-9A1E7A4F7556}") = "PrintIt", "PrintIt\PrintIt.csproj", "{26DB1F05-9251-439B-8184-2224D856F6EA}"
EndProject
Global
	GlobalSection(SolutionConfigurationPlatforms) = preSolution
		Debug|Any CPU = Debug|Any CPU
		Release|Any CPU = Release|Any CPU
	EndGlobalSection
	GlobalSection(ProjectConfigurationPlatforms) = postSolution
		{4F6D5094-1005-4C9D-B1FE-CEBE96438078}.Debug|Any CPU.ActiveCfg = Debug|Any CPU
		{4F6D5094-1005-4C9D-B1FE-CEBE96438078}.Debug|Any CPU.Build.0 = Debug|Any CPU
		{4F6D5094-1005-4C9D-B1FE-CEBE96438078}.Release|Any CPU.ActiveCfg = Release|Any CPU
		{4F6D5094-1005-4C9D-B1FE-CEBE96438078}.Release|Any CPU.Build.0 = Release|Any CPU
		{947503A1-717B-4B15-9759-C9EFF375682E}.Debug|Any CPU.ActiveCfg = Debug|Any CPU
		{947503A1-717B-4B15-9759-C9EFF375682E}.Debug|Any CPU.Build.0 = Debug|Any CPU
		{947503A1-717B-4B15-9759-C9EFF375682E}.Release|Any CPU.ActiveCfg = Release|Any CPU
		{947503A1-717B-4B15-9759-C9EFF375682E}.Release|Any CPU.Build.0 = Release|Any CPU
		{B2855825-C62F-4C9A-BBB0-799313A8E627}.Debug|Any CPU.ActiveCfg = Debug|Any CPU
		{B2855825-C62F-4C9A-BBB0-799313A8E627}.Debug|Any CPU.Build.0 = Debug|Any CPU
		{B2855825-C62F-4C9A-BBB0-799313A8E627}.Release|Any CPU.ActiveCfg = Release|Any CPU
		{B2855825-C62F-4C9A-BBB0-799313A8E627}.Release|Any CPU.Build.0 = Release|Any CPU
		{4984A30A-40C6-4278-B4C7-6B52C7F2E5F4}.Debug|Any CPU.ActiveCfg = Debug|Any CPU
		{4984A30A-40C6-4278-B4C7-6B52C7F2E5F4}.Debug|Any CPU.Build.0 = Debug|Any CPU
		{4984A30A-40C6-4278-B4C7-6B52C7F2E5F4}.Release|Any CPU.ActiveCfg = Release|Any CPU
		{4984A30A-40C6-4278-B4C7-6B52C7F2E5F4}.Release|Any CPU.Build.0 = Release|Any CPU
		{0BC012F4-E0FC-482A-8AAC-752E0DCBAFD5}.Debug|Any CPU.ActiveCfg = Debug|Any CPU
		{0BC012F4-E0FC-482A-8AAC-752E0DCBAFD5}.Debug|Any CPU.Build.0 = Debug|Any CPU
		{0BC012F4-E0FC-482A-8AAC-752E0DCBAFD5}.Release|Any CPU.ActiveCfg = Release|Any CPU
		{0BC012F4-E0FC-482A-8AAC-752E0DCBAFD5}.Release|Any CPU.Build.0 = Release|Any CPU
		{C0570B36-1FB2-43AD-8CB7-5A9AC32D67CA}.Debug|Any CPU.ActiveCfg = Debug|Any CPU
		{C0570B36-1FB2-43AD-8CB7-5A9AC32D67CA}.Debug|Any CPU.Build.0 = Debug|Any CPU
		{C0570B36-1FB2-43AD-8CB7-5A9AC32D67CA}.Release|Any CPU.ActiveCfg = Release|Any CPU
		{C0570B36-1FB2-43AD-8CB7-5A9AC32D67CA}.Release|Any CPU.Build.0 = Release|Any CPU
		{BC5B3FE5-7747-4007-ACBA-776C8CA426A9}.Debug|Any CPU.ActiveCfg = Debug|Any CPU
		{BC5B3FE5-7747-4007-ACBA-776C8CA426A9}.Debug|Any CPU.Build.0 = Debug|Any CPU
		{BC5B3FE5-7747-4007-ACBA-776C8CA426A9}.Release|Any CPU.ActiveCfg = Release|Any CPU
		{BC5B3FE5-7747-4007-ACBA-776C8CA426A9}.Release|Any CPU.Build.0 = Release|Any CPU
		{9733E162-396A-4B1B-BB29-AC256A7C08BD}.Debug|Any CPU.ActiveCfg = Debug|Any CPU
		{9733E162-396A-4B1B-BB29-AC256A7C08BD}.Debug|Any CPU.Build.0 = Debug|Any CPU
		{9733E162-396A-4B1B-BB29-AC256A7C08BD}.Release|Any CPU.ActiveCfg = Release|Any CPU
		{9733E162-396A-4B1B-BB29-AC256A7C08BD}.Release|Any CPU.Build.0 = Release|Any CPU
		{0F689AED-E542-4003-803D-C07A19F7A554}.Debug|Any CPU.ActiveCfg = Debug|Any CPU
		{0F689AED-E542-4003-803D-C07A19F7A554}.Debug|Any CPU.Build.0 = Debug|Any CPU
		{0F689AED-E542-4003-803D-C07A19F7A554}.Release|Any CPU.ActiveCfg = Release|Any CPU
		{0F689AED-E542-4003-803D-C07A19F7A554}.Release|Any CPU.Build.0 = Release|Any CPU
		{EB224DAA-A19A-473B-A534-47B196D0CF53}.Debug|Any CPU.ActiveCfg = Debug|Any CPU
		{EB224DAA-A19A-473B-A534-47B196D0CF53}.Debug|Any CPU.Build.0 = Debug|Any CPU
		{EB224DAA-A19A-473B-A534-47B196D0CF53}.Release|Any CPU.ActiveCfg = Release|Any CPU
		{EB224DAA-A19A-473B-A534-47B196D0CF53}.Release|Any CPU.Build.0 = Release|Any CPU
		{EB2C66DA-3264-4278-A920-AC224FF6C09C}.Debug|Any CPU.ActiveCfg = Debug|Any CPU
		{EB2C66DA-3264-4278-A920-AC224FF6C09C}.Debug|Any CPU.Build.0 = Debug|Any CPU
		{EB2C66DA-3264-4278-A920-AC224FF6C09C}.Release|Any CPU.ActiveCfg = Release|Any CPU
		{EB2C66DA-3264-4278-A920-AC224FF6C09C}.Release|Any CPU.Build.0 = Release|Any CPU
		{8A3AC972-C2CB-4CEC-BC36-C93C5D0462B3}.Debug|Any CPU.ActiveCfg = Debug|Any CPU
		{8A3AC972-C2CB-4CEC-BC36-C93C5D0462B3}.Debug|Any CPU.Build.0 = Debug|Any CPU
		{8A3AC972-C2CB-4CEC-BC36-C93C5D0462B3}.Release|Any CPU.ActiveCfg = Release|Any CPU
		{8A3AC972-C2CB-4CEC-BC36-C93C5D0462B3}.Release|Any CPU.Build.0 = Release|Any CPU
		{89820C09-A2ED-41B5-BECD-379B31AF3DE3}.Debug|Any CPU.ActiveCfg = Debug|Any CPU
		{89820C09-A2ED-41B5-BECD-379B31AF3DE3}.Debug|Any CPU.Build.0 = Debug|Any CPU
		{89820C09-A2ED-41B5-BECD-379B31AF3DE3}.Release|Any CPU.ActiveCfg = Release|Any CPU
		{89820C09-A2ED-41B5-BECD-379B31AF3DE3}.Release|Any CPU.Build.0 = Release|Any CPU
		{FE0D588B-7E33-42DD-A297-17B281D3E2D0}.Debug|Any CPU.ActiveCfg = Debug|Any CPU
		{FE0D588B-7E33-42DD-A297-17B281D3E2D0}.Debug|Any CPU.Build.0 = Debug|Any CPU
		{FE0D588B-7E33-42DD-A297-17B281D3E2D0}.Release|Any CPU.ActiveCfg = Release|Any CPU
		{FE0D588B-7E33-42DD-A297-17B281D3E2D0}.Release|Any CPU.Build.0 = Release|Any CPU
		{D46C02DA-DB0E-4C5B-9D17-A11361BC829A}.Debug|Any CPU.ActiveCfg = Debug|Any CPU
		{D46C02DA-DB0E-4C5B-9D17-A11361BC829A}.Debug|Any CPU.Build.0 = Debug|Any CPU
		{D46C02DA-DB0E-4C5B-9D17-A11361BC829A}.Release|Any CPU.ActiveCfg = Release|Any CPU
		{D46C02DA-DB0E-4C5B-9D17-A11361BC829A}.Release|Any CPU.Build.0 = Release|Any CPU
		{8B0B8FD0-992E-4661-A846-80253FCCE56B}.Debug|Any CPU.ActiveCfg = Debug|Any CPU
		{8B0B8FD0-992E-4661-A846-80253FCCE56B}.Debug|Any CPU.Build.0 = Debug|Any CPU
		{8B0B8FD0-992E-4661-A846-80253FCCE56B}.Release|Any CPU.ActiveCfg = Release|Any CPU
		{8B0B8FD0-992E-4661-A846-80253FCCE56B}.Release|Any CPU.Build.0 = Release|Any CPU
		{8185D02F-FA3B-43EC-BBCF-502454AA9A7F}.Debug|Any CPU.ActiveCfg = Debug|Any CPU
		{8185D02F-FA3B-43EC-BBCF-502454AA9A7F}.Debug|Any CPU.Build.0 = Debug|Any CPU
		{8185D02F-FA3B-43EC-BBCF-502454AA9A7F}.Release|Any CPU.ActiveCfg = Release|Any CPU
		{8185D02F-FA3B-43EC-BBCF-502454AA9A7F}.Release|Any CPU.Build.0 = Release|Any CPU
		{A2890BB4-E233-4240-80CB-A99C43BAF16B}.Debug|Any CPU.ActiveCfg = Debug|Any CPU
		{A2890BB4-E233-4240-80CB-A99C43BAF16B}.Debug|Any CPU.Build.0 = Debug|Any CPU
		{A2890BB4-E233-4240-80CB-A99C43BAF16B}.Release|Any CPU.ActiveCfg = Release|Any CPU
		{A2890BB4-E233-4240-80CB-A99C43BAF16B}.Release|Any CPU.Build.0 = Release|Any CPU
		{6D41969D-3C35-4DFA-AC36-23FAB7414D97}.Debug|Any CPU.ActiveCfg = Debug|Any CPU
		{6D41969D-3C35-4DFA-AC36-23FAB7414D97}.Debug|Any CPU.Build.0 = Debug|Any CPU
		{6D41969D-3C35-4DFA-AC36-23FAB7414D97}.Release|Any CPU.ActiveCfg = Release|Any CPU
		{6D41969D-3C35-4DFA-AC36-23FAB7414D97}.Release|Any CPU.Build.0 = Release|Any CPU
		{C61E5C88-999C-4A4B-AE32-7ADBD6B43848}.Debug|Any CPU.ActiveCfg = Debug|Any CPU
		{C61E5C88-999C-4A4B-AE32-7ADBD6B43848}.Debug|Any CPU.Build.0 = Debug|Any CPU
		{C61E5C88-999C-4A4B-AE32-7ADBD6B43848}.Release|Any CPU.ActiveCfg = Release|Any CPU
		{C61E5C88-999C-4A4B-AE32-7ADBD6B43848}.Release|Any CPU.Build.0 = Release|Any CPU
		{26DB1F05-9251-439B-8184-2224D856F6EA}.Debug|Any CPU.ActiveCfg = Debug|Any CPU
		{26DB1F05-9251-439B-8184-2224D856F6EA}.Debug|Any CPU.Build.0 = Debug|Any CPU
		{26DB1F05-9251-439B-8184-2224D856F6EA}.Release|Any CPU.ActiveCfg = Release|Any CPU
		{26DB1F05-9251-439B-8184-2224D856F6EA}.Release|Any CPU.Build.0 = Release|Any CPU
	EndGlobalSection
	GlobalSection(SolutionProperties) = preSolution
		HideSolutionNode = FALSE
	EndGlobalSection
	GlobalSection(ExtensibilityGlobals) = postSolution
		SolutionGuid = {BB2BB72A-547D-49D2-BE74-0740AA490719}
	EndGlobalSection
EndGlobal
